// !$*UTF8*$!
{
	archiveVersion = 1;
	classes = {
	};
	objectVersion = 46;
	objects = {

/* Begin PBXBuildFile section */
		27050A2919E4D2FB0060AFBB /* AppDelegate.swift in Sources */ = {isa = PBXBuildFile; fileRef = 27050A2819E4D2FB0060AFBB /* AppDelegate.swift */; };
		27050A2B19E4D2FB0060AFBB /* ViewController.swift in Sources */ = {isa = PBXBuildFile; fileRef = 27050A2A19E4D2FB0060AFBB /* ViewController.swift */; };
		27050A2E19E4D2FB0060AFBB /* Main.storyboard in Resources */ = {isa = PBXBuildFile; fileRef = 27050A2C19E4D2FB0060AFBB /* Main.storyboard */; };
		27050A3019E4D2FB0060AFBB /* Images.xcassets in Resources */ = {isa = PBXBuildFile; fileRef = 27050A2F19E4D2FB0060AFBB /* Images.xcassets */; };
		27050A3C19E4D2FB0060AFBB /* DogmaTests.swift in Sources */ = {isa = PBXBuildFile; fileRef = 27050A3B19E4D2FB0060AFBB /* DogmaTests.swift */; };
		27050A4619E4DEDA0060AFBB /* ActiveWalkViewController.swift in Sources */ = {isa = PBXBuildFile; fileRef = 27050A4519E4DEDA0060AFBB /* ActiveWalkViewController.swift */; };
		27118C2B19F60CF100110991 /* RatingViewController.swift in Sources */ = {isa = PBXBuildFile; fileRef = 27118C2A19F60CF100110991 /* RatingViewController.swift */; };
		272B59E519F889EC00F691A5 /* Arial Rounded Bold.ttf in Resources */ = {isa = PBXBuildFile; fileRef = 272B59E419F889EC00F691A5 /* Arial Rounded Bold.ttf */; };
		275DD1C219E4F21000E94673 /* CreateWalkViewController.swift in Sources */ = {isa = PBXBuildFile; fileRef = 275DD1C119E4F21000E94673 /* CreateWalkViewController.swift */; };
		275DD1C419E4F23400E94673 /* CreateWalkSearchViewController.swift in Sources */ = {isa = PBXBuildFile; fileRef = 275DD1C319E4F23400E94673 /* CreateWalkSearchViewController.swift */; };
		275DD1C919E4FB6800E94673 /* AccountCreationStep1ViewController.swift in Sources */ = {isa = PBXBuildFile; fileRef = 275DD1C619E4FB6800E94673 /* AccountCreationStep1ViewController.swift */; };
		275DD1CA19E4FB6800E94673 /* StartViewController.swift in Sources */ = {isa = PBXBuildFile; fileRef = 275DD1C719E4FB6800E94673 /* StartViewController.swift */; };
		2781265F19F0AFE90057EBEF /* PhotoDetailViewController.swift in Sources */ = {isa = PBXBuildFile; fileRef = 2781265E19F0AFE90057EBEF /* PhotoDetailViewController.swift */; };
		27C6707319F474A30070F2E4 /* AddressSearchViewController.swift in Sources */ = {isa = PBXBuildFile; fileRef = 27C6707219F474A30070F2E4 /* AddressSearchViewController.swift */; };
		27C6707519F474F70070F2E4 /* AddressSearchTableViewCell.swift in Sources */ = {isa = PBXBuildFile; fileRef = 27C6707419F474F70070F2E4 /* AddressSearchTableViewCell.swift */; };
		27F280F219F4858800F738E7 /* FoundWalkerViewController.swift in Sources */ = {isa = PBXBuildFile; fileRef = 27F280F119F4858800F738E7 /* FoundWalkerViewController.swift */; };
		2B2A6DDB19F9F64A00333490 /* FacebookSDK.framework in Frameworks */ = {isa = PBXBuildFile; fileRef = 2B2A6DDA19F9F64A00333490 /* FacebookSDK.framework */; };
/* End PBXBuildFile section */

/* Begin PBXContainerItemProxy section */
		27050A3619E4D2FB0060AFBB /* PBXContainerItemProxy */ = {
			isa = PBXContainerItemProxy;
			containerPortal = 27050A1B19E4D2FB0060AFBB /* Project object */;
			proxyType = 1;
			remoteGlobalIDString = 27050A2219E4D2FB0060AFBB;
			remoteInfo = Dogma;
		};
/* End PBXContainerItemProxy section */

/* Begin PBXFileReference section */
		27050A2319E4D2FB0060AFBB /* Dogma.app */ = {isa = PBXFileReference; explicitFileType = wrapper.application; includeInIndex = 0; path = Dogma.app; sourceTree = BUILT_PRODUCTS_DIR; };
		27050A2719E4D2FB0060AFBB /* Info.plist */ = {isa = PBXFileReference; lastKnownFileType = text.plist.xml; path = Info.plist; sourceTree = "<group>"; };
		27050A2819E4D2FB0060AFBB /* AppDelegate.swift */ = {isa = PBXFileReference; lastKnownFileType = sourcecode.swift; path = AppDelegate.swift; sourceTree = "<group>"; };
		27050A2A19E4D2FB0060AFBB /* ViewController.swift */ = {isa = PBXFileReference; lastKnownFileType = sourcecode.swift; path = ViewController.swift; sourceTree = "<group>"; };
		27050A2D19E4D2FB0060AFBB /* Base */ = {isa = PBXFileReference; lastKnownFileType = file.storyboard; name = Base; path = Base.lproj/Main.storyboard; sourceTree = "<group>"; };
		27050A2F19E4D2FB0060AFBB /* Images.xcassets */ = {isa = PBXFileReference; lastKnownFileType = folder.assetcatalog; path = Images.xcassets; sourceTree = "<group>"; };
		27050A3519E4D2FB0060AFBB /* DogmaTests.xctest */ = {isa = PBXFileReference; explicitFileType = wrapper.cfbundle; includeInIndex = 0; path = DogmaTests.xctest; sourceTree = BUILT_PRODUCTS_DIR; };
		27050A3A19E4D2FB0060AFBB /* Info.plist */ = {isa = PBXFileReference; lastKnownFileType = text.plist.xml; path = Info.plist; sourceTree = "<group>"; };
		27050A3B19E4D2FB0060AFBB /* DogmaTests.swift */ = {isa = PBXFileReference; lastKnownFileType = sourcecode.swift; path = DogmaTests.swift; sourceTree = "<group>"; };
		27050A4519E4DEDA0060AFBB /* ActiveWalkViewController.swift */ = {isa = PBXFileReference; fileEncoding = 4; lastKnownFileType = sourcecode.swift; path = ActiveWalkViewController.swift; sourceTree = "<group>"; };
		27118C2A19F60CF100110991 /* RatingViewController.swift */ = {isa = PBXFileReference; fileEncoding = 4; lastKnownFileType = sourcecode.swift; path = RatingViewController.swift; sourceTree = "<group>"; };
		272B59E419F889EC00F691A5 /* Arial Rounded Bold.ttf */ = {isa = PBXFileReference; lastKnownFileType = file; path = "Arial Rounded Bold.ttf"; sourceTree = "<group>"; };
		275DD1C119E4F21000E94673 /* CreateWalkViewController.swift */ = {isa = PBXFileReference; fileEncoding = 4; lastKnownFileType = sourcecode.swift; path = CreateWalkViewController.swift; sourceTree = "<group>"; };
		275DD1C319E4F23400E94673 /* CreateWalkSearchViewController.swift */ = {isa = PBXFileReference; fileEncoding = 4; lastKnownFileType = sourcecode.swift; path = CreateWalkSearchViewController.swift; sourceTree = "<group>"; };
		275DD1C619E4FB6800E94673 /* AccountCreationStep1ViewController.swift */ = {isa = PBXFileReference; fileEncoding = 4; lastKnownFileType = sourcecode.swift; path = AccountCreationStep1ViewController.swift; sourceTree = "<group>"; };
		275DD1C719E4FB6800E94673 /* StartViewController.swift */ = {isa = PBXFileReference; fileEncoding = 4; lastKnownFileType = sourcecode.swift; path = StartViewController.swift; sourceTree = "<group>"; };
		2781265E19F0AFE90057EBEF /* PhotoDetailViewController.swift */ = {isa = PBXFileReference; fileEncoding = 4; lastKnownFileType = sourcecode.swift; path = PhotoDetailViewController.swift; sourceTree = "<group>"; };
		27C6707219F474A30070F2E4 /* AddressSearchViewController.swift */ = {isa = PBXFileReference; fileEncoding = 4; lastKnownFileType = sourcecode.swift; path = AddressSearchViewController.swift; sourceTree = "<group>"; };
		27C6707419F474F70070F2E4 /* AddressSearchTableViewCell.swift */ = {isa = PBXFileReference; fileEncoding = 4; lastKnownFileType = sourcecode.swift; path = AddressSearchTableViewCell.swift; sourceTree = "<group>"; };
		27F280F119F4858800F738E7 /* FoundWalkerViewController.swift */ = {isa = PBXFileReference; fileEncoding = 4; lastKnownFileType = sourcecode.swift; path = FoundWalkerViewController.swift; sourceTree = "<group>"; };
		2B2A6DDA19F9F64A00333490 /* FacebookSDK.framework */ = {isa = PBXFileReference; lastKnownFileType = wrapper.framework; path = FacebookSDK.framework; sourceTree = "<group>"; };
		2B2A6DDC19F9F6D600333490 /* Dogma-Bridging-Header.h */ = {isa = PBXFileReference; lastKnownFileType = sourcecode.c.h; path = "Dogma-Bridging-Header.h"; sourceTree = "<group>"; };
/* End PBXFileReference section */

/* Begin PBXFrameworksBuildPhase section */
		27050A2019E4D2FB0060AFBB /* Frameworks */ = {
			isa = PBXFrameworksBuildPhase;
			buildActionMask = 2147483647;
			files = (
				2B2A6DDB19F9F64A00333490 /* FacebookSDK.framework in Frameworks */,
			);
			runOnlyForDeploymentPostprocessing = 0;
		};
		27050A3219E4D2FB0060AFBB /* Frameworks */ = {
			isa = PBXFrameworksBuildPhase;
			buildActionMask = 2147483647;
			files = (
			);
			runOnlyForDeploymentPostprocessing = 0;
		};
/* End PBXFrameworksBuildPhase section */

/* Begin PBXGroup section */
		27050A1A19E4D2FB0060AFBB = {
			isa = PBXGroup;
			children = (
				2B2A6DDA19F9F64A00333490 /* FacebookSDK.framework */,
				27050A2519E4D2FB0060AFBB /* Dogma */,
				27050A3819E4D2FB0060AFBB /* DogmaTests */,
				27050A2419E4D2FB0060AFBB /* Products */,
			);
			sourceTree = "<group>";
		};
		27050A2419E4D2FB0060AFBB /* Products */ = {
			isa = PBXGroup;
			children = (
				27050A2319E4D2FB0060AFBB /* Dogma.app */,
				27050A3519E4D2FB0060AFBB /* DogmaTests.xctest */,
			);
			name = Products;
			sourceTree = "<group>";
		};
		27050A2519E4D2FB0060AFBB /* Dogma */ = {
			isa = PBXGroup;
			children = (
				275DD1C619E4FB6800E94673 /* AccountCreationStep1ViewController.swift */,
				275DD1C719E4FB6800E94673 /* StartViewController.swift */,
				27050A2819E4D2FB0060AFBB /* AppDelegate.swift */,
				27050A2A19E4D2FB0060AFBB /* ViewController.swift */,
				2781265E19F0AFE90057EBEF /* PhotoDetailViewController.swift */,
				27050A2C19E4D2FB0060AFBB /* Main.storyboard */,
				27118C2A19F60CF100110991 /* RatingViewController.swift */,
				27F280F119F4858800F738E7 /* FoundWalkerViewController.swift */,
				27C6707419F474F70070F2E4 /* AddressSearchTableViewCell.swift */,
				27C6707219F474A30070F2E4 /* AddressSearchViewController.swift */,
				275DD1C319E4F23400E94673 /* CreateWalkSearchViewController.swift */,
				275DD1C119E4F21000E94673 /* CreateWalkViewController.swift */,
				27050A4519E4DEDA0060AFBB /* ActiveWalkViewController.swift */,
				27050A2F19E4D2FB0060AFBB /* Images.xcassets */,
				27050A2619E4D2FB0060AFBB /* Supporting Files */,
				2B2A6DDC19F9F6D600333490 /* Dogma-Bridging-Header.h */,
			);
			path = Dogma;
			sourceTree = "<group>";
		};
		27050A2619E4D2FB0060AFBB /* Supporting Files */ = {
			isa = PBXGroup;
			children = (
				272B59E419F889EC00F691A5 /* Arial Rounded Bold.ttf */,
				27050A2719E4D2FB0060AFBB /* Info.plist */,
			);
			name = "Supporting Files";
			sourceTree = "<group>";
		};
		27050A3819E4D2FB0060AFBB /* DogmaTests */ = {
			isa = PBXGroup;
			children = (
				27050A3B19E4D2FB0060AFBB /* DogmaTests.swift */,
				27050A3919E4D2FB0060AFBB /* Supporting Files */,
			);
			path = DogmaTests;
			sourceTree = "<group>";
		};
		27050A3919E4D2FB0060AFBB /* Supporting Files */ = {
			isa = PBXGroup;
			children = (
				27050A3A19E4D2FB0060AFBB /* Info.plist */,
			);
			name = "Supporting Files";
			sourceTree = "<group>";
		};
/* End PBXGroup section */

/* Begin PBXNativeTarget section */
		27050A2219E4D2FB0060AFBB /* Dogma */ = {
			isa = PBXNativeTarget;
			buildConfigurationList = 27050A3F19E4D2FB0060AFBB /* Build configuration list for PBXNativeTarget "Dogma" */;
			buildPhases = (
				27050A1F19E4D2FB0060AFBB /* Sources */,
				27050A2019E4D2FB0060AFBB /* Frameworks */,
				27050A2119E4D2FB0060AFBB /* Resources */,
			);
			buildRules = (
			);
			dependencies = (
			);
			name = Dogma;
			productName = Dogma;
			productReference = 27050A2319E4D2FB0060AFBB /* Dogma.app */;
			productType = "com.apple.product-type.application";
		};
		27050A3419E4D2FB0060AFBB /* DogmaTests */ = {
			isa = PBXNativeTarget;
			buildConfigurationList = 27050A4219E4D2FB0060AFBB /* Build configuration list for PBXNativeTarget "DogmaTests" */;
			buildPhases = (
				27050A3119E4D2FB0060AFBB /* Sources */,
				27050A3219E4D2FB0060AFBB /* Frameworks */,
				27050A3319E4D2FB0060AFBB /* Resources */,
			);
			buildRules = (
			);
			dependencies = (
				27050A3719E4D2FB0060AFBB /* PBXTargetDependency */,
			);
			name = DogmaTests;
			productName = DogmaTests;
			productReference = 27050A3519E4D2FB0060AFBB /* DogmaTests.xctest */;
			productType = "com.apple.product-type.bundle.unit-test";
		};
/* End PBXNativeTarget section */

/* Begin PBXProject section */
		27050A1B19E4D2FB0060AFBB /* Project object */ = {
			isa = PBXProject;
			attributes = {
				LastUpgradeCheck = 0600;
				ORGANIZATIONNAME = "Kyle Pickering";
				TargetAttributes = {
					27050A2219E4D2FB0060AFBB = {
						CreatedOnToolsVersion = 6.0;
						SystemCapabilities = {
							com.apple.BackgroundModes = {
								enabled = 1;
							};
						};
					};
					27050A3419E4D2FB0060AFBB = {
						CreatedOnToolsVersion = 6.0;
						TestTargetID = 27050A2219E4D2FB0060AFBB;
					};
				};
			};
			buildConfigurationList = 27050A1E19E4D2FB0060AFBB /* Build configuration list for PBXProject "Dogma" */;
			compatibilityVersion = "Xcode 3.2";
			developmentRegion = English;
			hasScannedForEncodings = 0;
			knownRegions = (
				en,
				Base,
			);
			mainGroup = 27050A1A19E4D2FB0060AFBB;
			productRefGroup = 27050A2419E4D2FB0060AFBB /* Products */;
			projectDirPath = "";
			projectRoot = "";
			targets = (
				27050A2219E4D2FB0060AFBB /* Dogma */,
				27050A3419E4D2FB0060AFBB /* DogmaTests */,
			);
		};
/* End PBXProject section */

/* Begin PBXResourcesBuildPhase section */
		27050A2119E4D2FB0060AFBB /* Resources */ = {
			isa = PBXResourcesBuildPhase;
			buildActionMask = 2147483647;
			files = (
				27050A2E19E4D2FB0060AFBB /* Main.storyboard in Resources */,
				27050A3019E4D2FB0060AFBB /* Images.xcassets in Resources */,
				272B59E519F889EC00F691A5 /* Arial Rounded Bold.ttf in Resources */,
			);
			runOnlyForDeploymentPostprocessing = 0;
		};
		27050A3319E4D2FB0060AFBB /* Resources */ = {
			isa = PBXResourcesBuildPhase;
			buildActionMask = 2147483647;
			files = (
			);
			runOnlyForDeploymentPostprocessing = 0;
		};
/* End PBXResourcesBuildPhase section */

/* Begin PBXSourcesBuildPhase section */
		27050A1F19E4D2FB0060AFBB /* Sources */ = {
			isa = PBXSourcesBuildPhase;
			buildActionMask = 2147483647;
			files = (
				27050A4619E4DEDA0060AFBB /* ActiveWalkViewController.swift in Sources */,
				275DD1CA19E4FB6800E94673 /* StartViewController.swift in Sources */,
				275DD1C419E4F23400E94673 /* CreateWalkSearchViewController.swift in Sources */,
				27C6707319F474A30070F2E4 /* AddressSearchViewController.swift in Sources */,
				27118C2B19F60CF100110991 /* RatingViewController.swift in Sources */,
				27050A2B19E4D2FB0060AFBB /* ViewController.swift in Sources */,
				27050A2919E4D2FB0060AFBB /* AppDelegate.swift in Sources */,
				275DD1C919E4FB6800E94673 /* AccountCreationStep1ViewController.swift in Sources */,
				27C6707519F474F70070F2E4 /* AddressSearchTableViewCell.swift in Sources */,
				2781265F19F0AFE90057EBEF /* PhotoDetailViewController.swift in Sources */,
				275DD1C219E4F21000E94673 /* CreateWalkViewController.swift in Sources */,
				27F280F219F4858800F738E7 /* FoundWalkerViewController.swift in Sources */,
			);
			runOnlyForDeploymentPostprocessing = 0;
		};
		27050A3119E4D2FB0060AFBB /* Sources */ = {
			isa = PBXSourcesBuildPhase;
			buildActionMask = 2147483647;
			files = (
				27050A3C19E4D2FB0060AFBB /* DogmaTests.swift in Sources */,
			);
			runOnlyForDeploymentPostprocessing = 0;
		};
/* End PBXSourcesBuildPhase section */

/* Begin PBXTargetDependency section */
		27050A3719E4D2FB0060AFBB /* PBXTargetDependency */ = {
			isa = PBXTargetDependency;
			target = 27050A2219E4D2FB0060AFBB /* Dogma */;
			targetProxy = 27050A3619E4D2FB0060AFBB /* PBXContainerItemProxy */;
		};
/* End PBXTargetDependency section */

/* Begin PBXVariantGroup section */
		27050A2C19E4D2FB0060AFBB /* Main.storyboard */ = {
			isa = PBXVariantGroup;
			children = (
				27050A2D19E4D2FB0060AFBB /* Base */,
			);
			name = Main.storyboard;
			sourceTree = "<group>";
		};
/* End PBXVariantGroup section */

/* Begin XCBuildConfiguration section */
		27050A3D19E4D2FB0060AFBB /* Debug */ = {
			isa = XCBuildConfiguration;
			buildSettings = {
				ALWAYS_SEARCH_USER_PATHS = NO;
				CLANG_CXX_LANGUAGE_STANDARD = "gnu++0x";
				CLANG_CXX_LIBRARY = "libc++";
				CLANG_ENABLE_MODULES = YES;
				CLANG_ENABLE_OBJC_ARC = YES;
				CLANG_WARN_BOOL_CONVERSION = YES;
				CLANG_WARN_CONSTANT_CONVERSION = YES;
				CLANG_WARN_DIRECT_OBJC_ISA_USAGE = YES_ERROR;
				CLANG_WARN_EMPTY_BODY = YES;
				CLANG_WARN_ENUM_CONVERSION = YES;
				CLANG_WARN_INT_CONVERSION = YES;
				CLANG_WARN_OBJC_ROOT_CLASS = YES_ERROR;
				CLANG_WARN_UNREACHABLE_CODE = YES;
				CLANG_WARN__DUPLICATE_METHOD_MATCH = YES;
				"CODE_SIGN_IDENTITY[sdk=iphoneos*]" = "iPhone Developer";
				COPY_PHASE_STRIP = NO;
				ENABLE_STRICT_OBJC_MSGSEND = YES;
				GCC_C_LANGUAGE_STANDARD = gnu99;
				GCC_DYNAMIC_NO_PIC = NO;
				GCC_OPTIMIZATION_LEVEL = 0;
				GCC_PREPROCESSOR_DEFINITIONS = (
					"DEBUG=1",
					"$(inherited)",
				);
				GCC_SYMBOLS_PRIVATE_EXTERN = NO;
				GCC_WARN_64_TO_32_BIT_CONVERSION = YES;
				GCC_WARN_ABOUT_RETURN_TYPE = YES_ERROR;
				GCC_WARN_UNDECLARED_SELECTOR = YES;
				GCC_WARN_UNINITIALIZED_AUTOS = YES_AGGRESSIVE;
				GCC_WARN_UNUSED_FUNCTION = YES;
				GCC_WARN_UNUSED_VARIABLE = YES;
				IPHONEOS_DEPLOYMENT_TARGET = 8.0;
				MTL_ENABLE_DEBUG_INFO = YES;
				ONLY_ACTIVE_ARCH = YES;
				SDKROOT = iphoneos;
				SWIFT_OPTIMIZATION_LEVEL = "-Onone";
			};
			name = Debug;
		};
		27050A3E19E4D2FB0060AFBB /* Release */ = {
			isa = XCBuildConfiguration;
			buildSettings = {
				ALWAYS_SEARCH_USER_PATHS = NO;
				CLANG_CXX_LANGUAGE_STANDARD = "gnu++0x";
				CLANG_CXX_LIBRARY = "libc++";
				CLANG_ENABLE_MODULES = YES;
				CLANG_ENABLE_OBJC_ARC = YES;
				CLANG_WARN_BOOL_CONVERSION = YES;
				CLANG_WARN_CONSTANT_CONVERSION = YES;
				CLANG_WARN_DIRECT_OBJC_ISA_USAGE = YES_ERROR;
				CLANG_WARN_EMPTY_BODY = YES;
				CLANG_WARN_ENUM_CONVERSION = YES;
				CLANG_WARN_INT_CONVERSION = YES;
				CLANG_WARN_OBJC_ROOT_CLASS = YES_ERROR;
				CLANG_WARN_UNREACHABLE_CODE = YES;
				CLANG_WARN__DUPLICATE_METHOD_MATCH = YES;
				"CODE_SIGN_IDENTITY[sdk=iphoneos*]" = "iPhone Developer";
				COPY_PHASE_STRIP = YES;
				ENABLE_NS_ASSERTIONS = NO;
				ENABLE_STRICT_OBJC_MSGSEND = YES;
				GCC_C_LANGUAGE_STANDARD = gnu99;
				GCC_WARN_64_TO_32_BIT_CONVERSION = YES;
				GCC_WARN_ABOUT_RETURN_TYPE = YES_ERROR;
				GCC_WARN_UNDECLARED_SELECTOR = YES;
				GCC_WARN_UNINITIALIZED_AUTOS = YES_AGGRESSIVE;
				GCC_WARN_UNUSED_FUNCTION = YES;
				GCC_WARN_UNUSED_VARIABLE = YES;
				IPHONEOS_DEPLOYMENT_TARGET = 8.0;
				MTL_ENABLE_DEBUG_INFO = NO;
				SDKROOT = iphoneos;
				VALIDATE_PRODUCT = YES;
			};
			name = Release;
		};
		27050A4019E4D2FB0060AFBB /* Debug */ = {
			isa = XCBuildConfiguration;
			buildSettings = {
				ASSETCATALOG_COMPILER_APPICON_NAME = AppIcon;
				ASSETCATALOG_COMPILER_LAUNCHIMAGE_NAME = LaunchImage;
				CLANG_ENABLE_MODULES = YES;
				FRAMEWORK_SEARCH_PATHS = (
					"$(inherited)",
					"$(PROJECT_DIR)",
				);
				INFOPLIST_FILE = Dogma/Info.plist;
				IPHONEOS_DEPLOYMENT_TARGET = 8.0;
				LD_RUNPATH_SEARCH_PATHS = "$(inherited) @executable_path/Frameworks";
				PRODUCT_NAME = "$(TARGET_NAME)";
				PROVISIONING_PROFILE = "3afca440-5aff-49c8-9e7f-a5b07cccee65";
				SWIFT_OBJC_BRIDGING_HEADER = "Dogma/Dogma-Bridging-Header.h";
				SWIFT_OPTIMIZATION_LEVEL = "-Onone";
			};
			name = Debug;
		};
		27050A4119E4D2FB0060AFBB /* Release */ = {
			isa = XCBuildConfiguration;
			buildSettings = {
				ASSETCATALOG_COMPILER_APPICON_NAME = AppIcon;
				ASSETCATALOG_COMPILER_LAUNCHIMAGE_NAME = LaunchImage;
				CLANG_ENABLE_MODULES = YES;
				FRAMEWORK_SEARCH_PATHS = (
					"$(inherited)",
					"$(PROJECT_DIR)",
				);
				INFOPLIST_FILE = Dogma/Info.plist;
				IPHONEOS_DEPLOYMENT_TARGET = 8.0;
				LD_RUNPATH_SEARCH_PATHS = "$(inherited) @executable_path/Frameworks";
				PRODUCT_NAME = "$(TARGET_NAME)";
				PROVISIONING_PROFILE = "3afca440-5aff-49c8-9e7f-a5b07cccee65";
				SWIFT_OBJC_BRIDGING_HEADER = "Dogma/Dogma-Bridging-Header.h";
			};
			name = Release;
		};
		27050A4319E4D2FB0060AFBB /* Debug */ = {
			isa = XCBuildConfiguration;
			buildSettings = {
				BUNDLE_LOADER = "$(TEST_HOST)";
				FRAMEWORK_SEARCH_PATHS = (
					"$(SDKROOT)/Developer/Library/Frameworks",
					"$(inherited)",
				);
				GCC_PREPROCESSOR_DEFINITIONS = (
					"DEBUG=1",
					"$(inherited)",
				);
				INFOPLIST_FILE = DogmaTests/Info.plist;
				LD_RUNPATH_SEARCH_PATHS = "$(inherited) @executable_path/Frameworks @loader_path/Frameworks";
				PRODUCT_NAME = "$(TARGET_NAME)";
				TEST_HOST = "$(BUILT_PRODUCTS_DIR)/Dogma.app/Dogma";
			};
			name = Debug;
		};
		27050A4419E4D2FB0060AFBB /* Release */ = {
			isa = XCBuildConfiguration;
			buildSettings = {
				BUNDLE_LOADER = "$(TEST_HOST)";
				FRAMEWORK_SEARCH_PATHS = (
					"$(SDKROOT)/Developer/Library/Frameworks",
					"$(inherited)",
				);
				INFOPLIST_FILE = DogmaTests/Info.plist;
				LD_RUNPATH_SEARCH_PATHS = "$(inherited) @executable_path/Frameworks @loader_path/Frameworks";
				PRODUCT_NAME = "$(TARGET_NAME)";
				TEST_HOST = "$(BUILT_PRODUCTS_DIR)/Dogma.app/Dogma";
			};
			name = Release;
		};
/* End XCBuildConfiguration section */

/* Begin XCConfigurationList section */
		27050A1E19E4D2FB0060AFBB /* Build configuration list for PBXProject "Dogma" */ = {
			isa = XCConfigurationList;
			buildConfigurations = (
				27050A3D19E4D2FB0060AFBB /* Debug */,
				27050A3E19E4D2FB0060AFBB /* Release */,
			);
			defaultConfigurationIsVisible = 0;
			defaultConfigurationName = Release;
		};
		27050A3F19E4D2FB0060AFBB /* Build configuration list for PBXNativeTarget "Dogma" */ = {
			isa = XCConfigurationList;
			buildConfigurations = (
				27050A4019E4D2FB0060AFBB /* Debug */,
				27050A4119E4D2FB0060AFBB /* Release */,
			);
			defaultConfigurationIsVisible = 0;
			defaultConfigurationName = Release;
		};
		27050A4219E4D2FB0060AFBB /* Build configuration list for PBXNativeTarget "DogmaTests" */ = {
			isa = XCConfigurationList;
			buildConfigurations = (
				27050A4319E4D2FB0060AFBB /* Debug */,
				27050A4419E4D2FB0060AFBB /* Release */,
			);
			defaultConfigurationIsVisible = 0;
			defaultConfigurationName = Release;
		};
/* End XCConfigurationList section */
	};
	rootObject = 27050A1B19E4D2FB0060AFBB /* Project object */;
}
