// !$*UTF8*$!
{
	archiveVersion = 1;
	classes = {
	};
	objectVersion = 46;
	objects = {

/* Begin PBXBuildFile section */
		27050A2919E4D2FB0060AFBB /* AppDelegate.swift in Sources */ = {isa = PBXBuildFile; fileRef = 27050A2819E4D2FB0060AFBB /* AppDelegate.swift */; };
		27050A2B19E4D2FB0060AFBB /* ViewController.swift in Sources */ = {isa = PBXBuildFile; fileRef = 27050A2A19E4D2FB0060AFBB /* ViewController.swift */; };
		27050A2E19E4D2FB0060AFBB /* Main.storyboard in Resources */ = {isa = PBXBuildFile; fileRef = 27050A2C19E4D2FB0060AFBB /* Main.storyboard */; };
		27050A3019E4D2FB0060AFBB /* Images.xcassets in Resources */ = {isa = PBXBuildFile; fileRef = 27050A2F19E4D2FB0060AFBB /* Images.xcassets */; };
		27050A3C19E4D2FB0060AFBB /* DogmaTests.swift in Sources */ = {isa = PBXBuildFile; fileRef = 27050A3B19E4D2FB0060AFBB /* DogmaTests.swift */; };
		27050A4619E4DEDA0060AFBB /* ActiveWalkViewController.swift in Sources */ = {isa = PBXBuildFile; fileRef = 27050A4519E4DEDA0060AFBB /* ActiveWalkViewController.swift */; };
		27118C2B19F60CF100110991 /* RatingViewController.swift in Sources */ = {isa = PBXBuildFile; fileRef = 27118C2A19F60CF100110991 /* RatingViewController.swift */; };
		272B59E519F889EC00F691A5 /* Arial Rounded Bold.ttf in Resources */ = {isa = PBXBuildFile; fileRef = 272B59E419F889EC00F691A5 /* Arial Rounded Bold.ttf */; };
		275DD1C219E4F21000E94673 /* CreateWalkViewController.swift in Sources */ = {isa = PBXBuildFile; fileRef = 275DD1C119E4F21000E94673 /* CreateWalkViewController.swift */; };
		275DD1C419E4F23400E94673 /* CreateWalkSearchViewController.swift in Sources */ = {isa = PBXBuildFile; fileRef = 275DD1C319E4F23400E94673 /* CreateWalkSearchViewController.swift */; };
		275DD1C919E4FB6800E94673 /* AccountCreationStep1ViewController.swift in Sources */ = {isa = PBXBuildFile; fileRef = 275DD1C619E4FB6800E94673 /* AccountCreationStep1ViewController.swift */; };
		275DD1CA19E4FB6800E94673 /* StartViewController.swift in Sources */ = {isa = PBXBuildFile; fileRef = 275DD1C719E4FB6800E94673 /* StartViewController.swift */; };
		2781265F19F0AFE90057EBEF /* PhotoDetailViewController.swift in Sources */ = {isa = PBXBuildFile; fileRef = 2781265E19F0AFE90057EBEF /* PhotoDetailViewController.swift */; };
		27B3B4C319FF318A00C8E55E /* AssetsLibrary.framework in Frameworks */ = {isa = PBXBuildFile; fileRef = 27B3B4C219FF318A00C8E55E /* AssetsLibrary.framework */; };
		27B3B4C519FF319400C8E55E /* CoreText.framework in Frameworks */ = {isa = PBXBuildFile; fileRef = 27B3B4C419FF319400C8E55E /* CoreText.framework */; };
		27B3B4C719FF319C00C8E55E /* QuickLook.framework in Frameworks */ = {isa = PBXBuildFile; fileRef = 27B3B4C619FF319C00C8E55E /* QuickLook.framework */; };
		27B3B4CD19FF31BD00C8E55E /* HockeySDK.framework in Frameworks */ = {isa = PBXBuildFile; fileRef = 27B3B4C919FF31BD00C8E55E /* HockeySDK.framework */; };
		27B3B4CE19FF31BD00C8E55E /* HockeySDK.xcconfig in Resources */ = {isa = PBXBuildFile; fileRef = 27B3B4CB19FF31BD00C8E55E /* HockeySDK.xcconfig */; };
		27B3B4CF19FF31BD00C8E55E /* HockeySDKResources.bundle in Resources */ = {isa = PBXBuildFile; fileRef = 27B3B4CC19FF31BD00C8E55E /* HockeySDKResources.bundle */; };
		27BE480519FD97EB003A1D5C /* MenuViewController.swift in Sources */ = {isa = PBXBuildFile; fileRef = 27BE480419FD97EB003A1D5C /* MenuViewController.swift */; };
		27C6707319F474A30070F2E4 /* AddressSearchViewController.swift in Sources */ = {isa = PBXBuildFile; fileRef = 27C6707219F474A30070F2E4 /* AddressSearchViewController.swift */; };
		27C6707519F474F70070F2E4 /* AddressSearchTableViewCell.swift in Sources */ = {isa = PBXBuildFile; fileRef = 27C6707419F474F70070F2E4 /* AddressSearchTableViewCell.swift */; };
		2B2A6DDB19F9F64A00333490 /* FacebookSDK.framework in Frameworks */ = {isa = PBXBuildFile; fileRef = 2B2A6DDA19F9F64A00333490 /* FacebookSDK.framework */; };
		2BB2DAEC1A0B3E37002F6A3B /* WalkRequestInboundViewController.swift in Sources */ = {isa = PBXBuildFile; fileRef = 2BB2DAEB1A0B3E37002F6A3B /* WalkRequestInboundViewController.swift */; };
		2BB2DAEE1A0B4735002F6A3B /* WalkerActiveWalkViewController.swift in Sources */ = {isa = PBXBuildFile; fileRef = 2BB2DAED1A0B4735002F6A3B /* WalkerActiveWalkViewController.swift */; };
		2BE8D7531A0B32A10056FC9C /* WalkerReadyViewController.swift in Sources */ = {isa = PBXBuildFile; fileRef = 2BE8D7521A0B32A10056FC9C /* WalkerReadyViewController.swift */; };
		2BEB5E8B19FD88FC00798BFE /* Bolts.framework in Frameworks */ = {isa = PBXBuildFile; fileRef = 2BEB5E8919FD88FC00798BFE /* Bolts.framework */; };
		2BEB5E8C19FD88FC00798BFE /* Parse.framework in Frameworks */ = {isa = PBXBuildFile; fileRef = 2BEB5E8A19FD88FC00798BFE /* Parse.framework */; };
		2BEB5E8E19FD893500798BFE /* AudioToolbox.framework in Frameworks */ = {isa = PBXBuildFile; fileRef = 2BEB5E8D19FD893500798BFE /* AudioToolbox.framework */; };
		2BEB5E9019FD893E00798BFE /* CFNetwork.framework in Frameworks */ = {isa = PBXBuildFile; fileRef = 2BEB5E8F19FD893E00798BFE /* CFNetwork.framework */; };
		2BEB5E9219FD894700798BFE /* CoreGraphics.framework in Frameworks */ = {isa = PBXBuildFile; fileRef = 2BEB5E9119FD894700798BFE /* CoreGraphics.framework */; };
		2BEB5E9419FD894E00798BFE /* CoreLocation.framework in Frameworks */ = {isa = PBXBuildFile; fileRef = 2BEB5E9319FD894E00798BFE /* CoreLocation.framework */; };
		2BEB5E9619FD895700798BFE /* libz.dylib in Frameworks */ = {isa = PBXBuildFile; fileRef = 2BEB5E9519FD895700798BFE /* libz.dylib */; };
		2BEB5E9819FD895F00798BFE /* MobileCoreServices.framework in Frameworks */ = {isa = PBXBuildFile; fileRef = 2BEB5E9719FD895F00798BFE /* MobileCoreServices.framework */; };
		2BEB5E9A19FD896600798BFE /* QuartzCore.framework in Frameworks */ = {isa = PBXBuildFile; fileRef = 2BEB5E9919FD896600798BFE /* QuartzCore.framework */; };
		2BEB5E9C19FD896D00798BFE /* Security.framework in Frameworks */ = {isa = PBXBuildFile; fileRef = 2BEB5E9B19FD896D00798BFE /* Security.framework */; };
		2BEB5E9E19FD897500798BFE /* StoreKit.framework in Frameworks */ = {isa = PBXBuildFile; fileRef = 2BEB5E9D19FD897500798BFE /* StoreKit.framework */; };
		2BEB5EA019FD897E00798BFE /* SystemConfiguration.framework in Frameworks */ = {isa = PBXBuildFile; fileRef = 2BEB5E9F19FD897E00798BFE /* SystemConfiguration.framework */; };
/* End PBXBuildFile section */

/* Begin PBXContainerItemProxy section */
		27050A3619E4D2FB0060AFBB /* PBXContainerItemProxy */ = {
			isa = PBXContainerItemProxy;
			containerPortal = 27050A1B19E4D2FB0060AFBB /* Project object */;
			proxyType = 1;
			remoteGlobalIDString = 27050A2219E4D2FB0060AFBB;
			remoteInfo = Dogma;
		};
/* End PBXContainerItemProxy section */

/* Begin PBXFileReference section */
		27050A2319E4D2FB0060AFBB /* Dogma.app */ = {isa = PBXFileReference; explicitFileType = wrapper.application; includeInIndex = 0; path = Dogma.app; sourceTree = BUILT_PRODUCTS_DIR; };
		27050A2719E4D2FB0060AFBB /* Info.plist */ = {isa = PBXFileReference; lastKnownFileType = text.plist.xml; path = Info.plist; sourceTree = "<group>"; };
		27050A2819E4D2FB0060AFBB /* AppDelegate.swift */ = {isa = PBXFileReference; lastKnownFileType = sourcecode.swift; path = AppDelegate.swift; sourceTree = "<group>"; };
		27050A2A19E4D2FB0060AFBB /* ViewController.swift */ = {isa = PBXFileReference; lastKnownFileType = sourcecode.swift; path = ViewController.swift; sourceTree = "<group>"; };
		27050A2D19E4D2FB0060AFBB /* Base */ = {isa = PBXFileReference; lastKnownFileType = file.storyboard; name = Base; path = Base.lproj/Main.storyboard; sourceTree = "<group>"; };
		27050A2F19E4D2FB0060AFBB /* Images.xcassets */ = {isa = PBXFileReference; lastKnownFileType = folder.assetcatalog; path = Images.xcassets; sourceTree = "<group>"; };
		27050A3519E4D2FB0060AFBB /* DogmaTests.xctest */ = {isa = PBXFileReference; explicitFileType = wrapper.cfbundle; includeInIndex = 0; path = DogmaTests.xctest; sourceTree = BUILT_PRODUCTS_DIR; };
		27050A3A19E4D2FB0060AFBB /* Info.plist */ = {isa = PBXFileReference; lastKnownFileType = text.plist.xml; path = Info.plist; sourceTree = "<group>"; };
		27050A3B19E4D2FB0060AFBB /* DogmaTests.swift */ = {isa = PBXFileReference; lastKnownFileType = sourcecode.swift; path = DogmaTests.swift; sourceTree = "<group>"; };
		27050A4519E4DEDA0060AFBB /* ActiveWalkViewController.swift */ = {isa = PBXFileReference; fileEncoding = 4; lastKnownFileType = sourcecode.swift; path = ActiveWalkViewController.swift; sourceTree = "<group>"; };
		27118C2A19F60CF100110991 /* RatingViewController.swift */ = {isa = PBXFileReference; fileEncoding = 4; lastKnownFileType = sourcecode.swift; path = RatingViewController.swift; sourceTree = "<group>"; };
		272B59E419F889EC00F691A5 /* Arial Rounded Bold.ttf */ = {isa = PBXFileReference; lastKnownFileType = file; path = "Arial Rounded Bold.ttf"; sourceTree = "<group>"; };
		275DD1C119E4F21000E94673 /* CreateWalkViewController.swift */ = {isa = PBXFileReference; fileEncoding = 4; lastKnownFileType = sourcecode.swift; path = CreateWalkViewController.swift; sourceTree = "<group>"; };
		275DD1C319E4F23400E94673 /* CreateWalkSearchViewController.swift */ = {isa = PBXFileReference; fileEncoding = 4; lastKnownFileType = sourcecode.swift; path = CreateWalkSearchViewController.swift; sourceTree = "<group>"; };
		275DD1C619E4FB6800E94673 /* AccountCreationStep1ViewController.swift */ = {isa = PBXFileReference; fileEncoding = 4; lastKnownFileType = sourcecode.swift; path = AccountCreationStep1ViewController.swift; sourceTree = "<group>"; };
		275DD1C719E4FB6800E94673 /* StartViewController.swift */ = {isa = PBXFileReference; fileEncoding = 4; lastKnownFileType = sourcecode.swift; path = StartViewController.swift; sourceTree = "<group>"; };
		2781265E19F0AFE90057EBEF /* PhotoDetailViewController.swift */ = {isa = PBXFileReference; fileEncoding = 4; lastKnownFileType = sourcecode.swift; path = PhotoDetailViewController.swift; sourceTree = "<group>"; };
		27B3B4C219FF318A00C8E55E /* AssetsLibrary.framework */ = {isa = PBXFileReference; lastKnownFileType = wrapper.framework; name = AssetsLibrary.framework; path = System/Library/Frameworks/AssetsLibrary.framework; sourceTree = SDKROOT; };
		27B3B4C419FF319400C8E55E /* CoreText.framework */ = {isa = PBXFileReference; lastKnownFileType = wrapper.framework; name = CoreText.framework; path = System/Library/Frameworks/CoreText.framework; sourceTree = SDKROOT; };
		27B3B4C619FF319C00C8E55E /* QuickLook.framework */ = {isa = PBXFileReference; lastKnownFileType = wrapper.framework; name = QuickLook.framework; path = System/Library/Frameworks/QuickLook.framework; sourceTree = SDKROOT; };
		27B3B4C919FF31BD00C8E55E /* HockeySDK.framework */ = {isa = PBXFileReference; lastKnownFileType = wrapper.framework; path = HockeySDK.framework; sourceTree = "<group>"; };
		27B3B4CB19FF31BD00C8E55E /* HockeySDK.xcconfig */ = {isa = PBXFileReference; fileEncoding = 4; lastKnownFileType = text.xcconfig; path = HockeySDK.xcconfig; sourceTree = "<group>"; };
		27B3B4CC19FF31BD00C8E55E /* HockeySDKResources.bundle */ = {isa = PBXFileReference; lastKnownFileType = "wrapper.plug-in"; path = HockeySDKResources.bundle; sourceTree = "<group>"; };
		27BE480419FD97EB003A1D5C /* MenuViewController.swift */ = {isa = PBXFileReference; fileEncoding = 4; lastKnownFileType = sourcecode.swift; path = MenuViewController.swift; sourceTree = "<group>"; };
		27C6707219F474A30070F2E4 /* AddressSearchViewController.swift */ = {isa = PBXFileReference; fileEncoding = 4; lastKnownFileType = sourcecode.swift; path = AddressSearchViewController.swift; sourceTree = "<group>"; };
		27C6707419F474F70070F2E4 /* AddressSearchTableViewCell.swift */ = {isa = PBXFileReference; fileEncoding = 4; lastKnownFileType = sourcecode.swift; path = AddressSearchTableViewCell.swift; sourceTree = "<group>"; };
		2B2A6DDA19F9F64A00333490 /* FacebookSDK.framework */ = {isa = PBXFileReference; lastKnownFileType = wrapper.framework; path = FacebookSDK.framework; sourceTree = "<group>"; };
		2B2A6DDC19F9F6D600333490 /* Dogma-Bridging-Header.h */ = {isa = PBXFileReference; lastKnownFileType = sourcecode.c.h; path = "Dogma-Bridging-Header.h"; sourceTree = "<group>"; };
		2BB2DAEB1A0B3E37002F6A3B /* WalkRequestInboundViewController.swift */ = {isa = PBXFileReference; fileEncoding = 4; lastKnownFileType = sourcecode.swift; path = WalkRequestInboundViewController.swift; sourceTree = "<group>"; };
		2BB2DAED1A0B4735002F6A3B /* WalkerActiveWalkViewController.swift */ = {isa = PBXFileReference; fileEncoding = 4; lastKnownFileType = sourcecode.swift; path = WalkerActiveWalkViewController.swift; sourceTree = "<group>"; };
		2BE8D7521A0B32A10056FC9C /* WalkerReadyViewController.swift */ = {isa = PBXFileReference; fileEncoding = 4; lastKnownFileType = sourcecode.swift; path = WalkerReadyViewController.swift; sourceTree = "<group>"; };
		2BEB5E8919FD88FC00798BFE /* Bolts.framework */ = {isa = PBXFileReference; lastKnownFileType = wrapper.framework; path = Bolts.framework; sourceTree = "<group>"; };
		2BEB5E8A19FD88FC00798BFE /* Parse.framework */ = {isa = PBXFileReference; lastKnownFileType = wrapper.framework; path = Parse.framework; sourceTree = "<group>"; };
		2BEB5E8D19FD893500798BFE /* AudioToolbox.framework */ = {isa = PBXFileReference; lastKnownFileType = wrapper.framework; name = AudioToolbox.framework; path = System/Library/Frameworks/AudioToolbox.framework; sourceTree = SDKROOT; };
		2BEB5E8F19FD893E00798BFE /* CFNetwork.framework */ = {isa = PBXFileReference; lastKnownFileType = wrapper.framework; name = CFNetwork.framework; path = System/Library/Frameworks/CFNetwork.framework; sourceTree = SDKROOT; };
		2BEB5E9119FD894700798BFE /* CoreGraphics.framework */ = {isa = PBXFileReference; lastKnownFileType = wrapper.framework; name = CoreGraphics.framework; path = System/Library/Frameworks/CoreGraphics.framework; sourceTree = SDKROOT; };
		2BEB5E9319FD894E00798BFE /* CoreLocation.framework */ = {isa = PBXFileReference; lastKnownFileType = wrapper.framework; name = CoreLocation.framework; path = System/Library/Frameworks/CoreLocation.framework; sourceTree = SDKROOT; };
		2BEB5E9519FD895700798BFE /* libz.dylib */ = {isa = PBXFileReference; lastKnownFileType = "compiled.mach-o.dylib"; name = libz.dylib; path = usr/lib/libz.dylib; sourceTree = SDKROOT; };
		2BEB5E9719FD895F00798BFE /* MobileCoreServices.framework */ = {isa = PBXFileReference; lastKnownFileType = wrapper.framework; name = MobileCoreServices.framework; path = System/Library/Frameworks/MobileCoreServices.framework; sourceTree = SDKROOT; };
		2BEB5E9919FD896600798BFE /* QuartzCore.framework */ = {isa = PBXFileReference; lastKnownFileType = wrapper.framework; name = QuartzCore.framework; path = System/Library/Frameworks/QuartzCore.framework; sourceTree = SDKROOT; };
		2BEB5E9B19FD896D00798BFE /* Security.framework */ = {isa = PBXFileReference; lastKnownFileType = wrapper.framework; name = Security.framework; path = System/Library/Frameworks/Security.framework; sourceTree = SDKROOT; };
		2BEB5E9D19FD897500798BFE /* StoreKit.framework */ = {isa = PBXFileReference; lastKnownFileType = wrapper.framework; name = StoreKit.framework; path = System/Library/Frameworks/StoreKit.framework; sourceTree = SDKROOT; };
		2BEB5E9F19FD897E00798BFE /* SystemConfiguration.framework */ = {isa = PBXFileReference; lastKnownFileType = wrapper.framework; name = SystemConfiguration.framework; path = System/Library/Frameworks/SystemConfiguration.framework; sourceTree = SDKROOT; };
/* End PBXFileReference section */

/* Begin PBXFrameworksBuildPhase section */
		27050A2019E4D2FB0060AFBB /* Frameworks */ = {
			isa = PBXFrameworksBuildPhase;
			buildActionMask = 2147483647;
			files = (
				27B3B4C719FF319C00C8E55E /* QuickLook.framework in Frameworks */,
				27B3B4C519FF319400C8E55E /* CoreText.framework in Frameworks */,
				27B3B4C319FF318A00C8E55E /* AssetsLibrary.framework in Frameworks */,
				2BEB5EA019FD897E00798BFE /* SystemConfiguration.framework in Frameworks */,
				2BEB5E9E19FD897500798BFE /* StoreKit.framework in Frameworks */,
				2BEB5E9C19FD896D00798BFE /* Security.framework in Frameworks */,
				2BEB5E9A19FD896600798BFE /* QuartzCore.framework in Frameworks */,
				2BEB5E9819FD895F00798BFE /* MobileCoreServices.framework in Frameworks */,
				2BEB5E9619FD895700798BFE /* libz.dylib in Frameworks */,
				2BEB5E9419FD894E00798BFE /* CoreLocation.framework in Frameworks */,
				2BEB5E9219FD894700798BFE /* CoreGraphics.framework in Frameworks */,
				2BEB5E9019FD893E00798BFE /* CFNetwork.framework in Frameworks */,
				2BEB5E8E19FD893500798BFE /* AudioToolbox.framework in Frameworks */,
				2B2A6DDB19F9F64A00333490 /* FacebookSDK.framework in Frameworks */,
				2BEB5E8C19FD88FC00798BFE /* Parse.framework in Frameworks */,
				2BEB5E8B19FD88FC00798BFE /* Bolts.framework in Frameworks */,
				27B3B4CD19FF31BD00C8E55E /* HockeySDK.framework in Frameworks */,
			);
			runOnlyForDeploymentPostprocessing = 0;
		};
		27050A3219E4D2FB0060AFBB /* Frameworks */ = {
			isa = PBXFrameworksBuildPhase;
			buildActionMask = 2147483647;
			files = (
			);
			runOnlyForDeploymentPostprocessing = 0;
		};
/* End PBXFrameworksBuildPhase section */

/* Begin PBXGroup section */
		27050A1A19E4D2FB0060AFBB = {
			isa = PBXGroup;
			children = (
				27B3B4C819FF31BD00C8E55E /* HockeySDK.embeddedframework */,
				27B3B4C619FF319C00C8E55E /* QuickLook.framework */,
				27B3B4C419FF319400C8E55E /* CoreText.framework */,
				27B3B4C219FF318A00C8E55E /* AssetsLibrary.framework */,
				2BEB5E9F19FD897E00798BFE /* SystemConfiguration.framework */,
				2BEB5E9D19FD897500798BFE /* StoreKit.framework */,
				2BEB5E9B19FD896D00798BFE /* Security.framework */,
				2BEB5E9919FD896600798BFE /* QuartzCore.framework */,
				2BEB5E9719FD895F00798BFE /* MobileCoreServices.framework */,
				2BEB5E9519FD895700798BFE /* libz.dylib */,
				2BEB5E9319FD894E00798BFE /* CoreLocation.framework */,
				2BEB5E9119FD894700798BFE /* CoreGraphics.framework */,
				2BEB5E8F19FD893E00798BFE /* CFNetwork.framework */,
				2BEB5E8D19FD893500798BFE /* AudioToolbox.framework */,
				2BEB5E8919FD88FC00798BFE /* Bolts.framework */,
				2BEB5E8A19FD88FC00798BFE /* Parse.framework */,
				2B2A6DDA19F9F64A00333490 /* FacebookSDK.framework */,
				27050A2519E4D2FB0060AFBB /* Dogma */,
				27050A3819E4D2FB0060AFBB /* DogmaTests */,
				27050A2419E4D2FB0060AFBB /* Products */,
			);
			sourceTree = "<group>";
		};
		27050A2419E4D2FB0060AFBB /* Products */ = {
			isa = PBXGroup;
			children = (
				27050A2319E4D2FB0060AFBB /* Dogma.app */,
				27050A3519E4D2FB0060AFBB /* DogmaTests.xctest */,
			);
			name = Products;
			sourceTree = "<group>";
		};
		27050A2519E4D2FB0060AFBB /* Dogma */ = {
			isa = PBXGroup;
			children = (
				275DD1C619E4FB6800E94673 /* AccountCreationStep1ViewController.swift */,
				275DD1C719E4FB6800E94673 /* StartViewController.swift */,
				27050A2819E4D2FB0060AFBB /* AppDelegate.swift */,
				27050A2A19E4D2FB0060AFBB /* ViewController.swift */,
				2781265E19F0AFE90057EBEF /* PhotoDetailViewController.swift */,
				27050A2C19E4D2FB0060AFBB /* Main.storyboard */,
				2BB2DAED1A0B4735002F6A3B /* WalkerActiveWalkViewController.swift */,
				2BB2DAEB1A0B3E37002F6A3B /* WalkRequestInboundViewController.swift */,
				2BE8D7521A0B32A10056FC9C /* WalkerReadyViewController.swift */,
				27BE480419FD97EB003A1D5C /* MenuViewController.swift */,
				27118C2A19F60CF100110991 /* RatingViewController.swift */,
				27C6707419F474F70070F2E4 /* AddressSearchTableViewCell.swift */,
				27C6707219F474A30070F2E4 /* AddressSearchViewController.swift */,
				275DD1C319E4F23400E94673 /* CreateWalkSearchViewController.swift */,
				275DD1C119E4F21000E94673 /* CreateWalkViewController.swift */,
				27050A4519E4DEDA0060AFBB /* ActiveWalkViewController.swift */,
				27050A2F19E4D2FB0060AFBB /* Images.xcassets */,
				27050A2619E4D2FB0060AFBB /* Supporting Files */,
				2B2A6DDC19F9F6D600333490 /* Dogma-Bridging-Header.h */,
			);
			path = Dogma;
			sourceTree = "<group>";
		};
		27050A2619E4D2FB0060AFBB /* Supporting Files */ = {
			isa = PBXGroup;
			children = (
				272B59E419F889EC00F691A5 /* Arial Rounded Bold.ttf */,
				27050A2719E4D2FB0060AFBB /* Info.plist */,
			);
			name = "Supporting Files";
			sourceTree = "<group>";
		};
		27050A3819E4D2FB0060AFBB /* DogmaTests */ = {
			isa = PBXGroup;
			children = (
				27050A3B19E4D2FB0060AFBB /* DogmaTests.swift */,
				27050A3919E4D2FB0060AFBB /* Supporting Files */,
			);
			path = DogmaTests;
			sourceTree = "<group>";
		};
		27050A3919E4D2FB0060AFBB /* Supporting Files */ = {
			isa = PBXGroup;
			children = (
				27050A3A19E4D2FB0060AFBB /* Info.plist */,
			);
			name = "Supporting Files";
			sourceTree = "<group>";
		};
		27B3B4C819FF31BD00C8E55E /* HockeySDK.embeddedframework */ = {
			isa = PBXGroup;
			children = (
				27B3B4C919FF31BD00C8E55E /* HockeySDK.framework */,
				27B3B4CA19FF31BD00C8E55E /* Resources */,
			);
			name = HockeySDK.embeddedframework;
			path = "HockeySDK-iOS/HockeySDK.embeddedframework";
			sourceTree = "<group>";
		};
		27B3B4CA19FF31BD00C8E55E /* Resources */ = {
			isa = PBXGroup;
			children = (
				27B3B4CB19FF31BD00C8E55E /* HockeySDK.xcconfig */,
				27B3B4CC19FF31BD00C8E55E /* HockeySDKResources.bundle */,
			);
			path = Resources;
			sourceTree = "<group>";
		};
/* End PBXGroup section */

/* Begin PBXNativeTarget section */
		27050A2219E4D2FB0060AFBB /* Dogma */ = {
			isa = PBXNativeTarget;
			buildConfigurationList = 27050A3F19E4D2FB0060AFBB /* Build configuration list for PBXNativeTarget "Dogma" */;
			buildPhases = (
				27050A1F19E4D2FB0060AFBB /* Sources */,
				27050A2019E4D2FB0060AFBB /* Frameworks */,
				27050A2119E4D2FB0060AFBB /* Resources */,
				27B3B4C119FF314E00C8E55E /* ShellScript */,
			);
			buildRules = (
			);
			dependencies = (
			);
			name = Dogma;
			productName = Dogma;
			productReference = 27050A2319E4D2FB0060AFBB /* Dogma.app */;
			productType = "com.apple.product-type.application";
		};
		27050A3419E4D2FB0060AFBB /* DogmaTests */ = {
			isa = PBXNativeTarget;
			buildConfigurationList = 27050A4219E4D2FB0060AFBB /* Build configuration list for PBXNativeTarget "DogmaTests" */;
			buildPhases = (
				27050A3119E4D2FB0060AFBB /* Sources */,
				27050A3219E4D2FB0060AFBB /* Frameworks */,
				27050A3319E4D2FB0060AFBB /* Resources */,
			);
			buildRules = (
			);
			dependencies = (
				27050A3719E4D2FB0060AFBB /* PBXTargetDependency */,
			);
			name = DogmaTests;
			productName = DogmaTests;
			productReference = 27050A3519E4D2FB0060AFBB /* DogmaTests.xctest */;
			productType = "com.apple.product-type.bundle.unit-test";
		};
/* End PBXNativeTarget section */

/* Begin PBXProject section */
		27050A1B19E4D2FB0060AFBB /* Project object */ = {
			isa = PBXProject;
			attributes = {
				LastUpgradeCheck = 0600;
				ORGANIZATIONNAME = "Kyle Pickering";
				TargetAttributes = {
					27050A2219E4D2FB0060AFBB = {
						CreatedOnToolsVersion = 6.0;
						DevelopmentTeam = 5DW6WQ7TAM;
						SystemCapabilities = {
							com.apple.BackgroundModes = {
								enabled = 1;
							};
						};
					};
					27050A3419E4D2FB0060AFBB = {
						CreatedOnToolsVersion = 6.0;
						TestTargetID = 27050A2219E4D2FB0060AFBB;
					};
				};
			};
			buildConfigurationList = 27050A1E19E4D2FB0060AFBB /* Build configuration list for PBXProject "Dogma" */;
			compatibilityVersion = "Xcode 3.2";
			developmentRegion = English;
			hasScannedForEncodings = 0;
			knownRegions = (
				en,
				Base,
			);
			mainGroup = 27050A1A19E4D2FB0060AFBB;
			productRefGroup = 27050A2419E4D2FB0060AFBB /* Products */;
			projectDirPath = "";
			projectRoot = "";
			targets = (
				27050A2219E4D2FB0060AFBB /* Dogma */,
				27050A3419E4D2FB0060AFBB /* DogmaTests */,
			);
		};
/* End PBXProject section */

/* Begin PBXResourcesBuildPhase section */
		27050A2119E4D2FB0060AFBB /* Resources */ = {
			isa = PBXResourcesBuildPhase;
			buildActionMask = 2147483647;
			files = (
				27050A2E19E4D2FB0060AFBB /* Main.storyboard in Resources */,
				27050A3019E4D2FB0060AFBB /* Images.xcassets in Resources */,
				27B3B4CF19FF31BD00C8E55E /* HockeySDKResources.bundle in Resources */,
				27B3B4CE19FF31BD00C8E55E /* HockeySDK.xcconfig in Resources */,
				272B59E519F889EC00F691A5 /* Arial Rounded Bold.ttf in Resources */,
			);
			runOnlyForDeploymentPostprocessing = 0;
		};
		27050A3319E4D2FB0060AFBB /* Resources */ = {
			isa = PBXResourcesBuildPhase;
			buildActionMask = 2147483647;
			files = (
			);
			runOnlyForDeploymentPostprocessing = 0;
		};
/* End PBXResourcesBuildPhase section */

/* Begin PBXShellScriptBuildPhase section */
		27B3B4C119FF314E00C8E55E /* ShellScript */ = {
			isa = PBXShellScriptBuildPhase;
			buildActionMask = 2147483647;
			files = (
			);
			inputPaths = (
			);
			outputPaths = (
			);
			runOnlyForDeploymentPostprocessing = 0;
			shellPath = /bin/sh;
			shellScript = "FILE=\"${SRCROOT}/HockeySDK-iOS/BuildAgent\"\nif [ -f \"$FILE\" ]; then\n\"$FILE\"\nfi";
		};
/* End PBXShellScriptBuildPhase section */

/* Begin PBXSourcesBuildPhase section */
		27050A1F19E4D2FB0060AFBB /* Sources */ = {
			isa = PBXSourcesBuildPhase;
			buildActionMask = 2147483647;
			files = (
				27050A4619E4DEDA0060AFBB /* ActiveWalkViewController.swift in Sources */,
				275DD1CA19E4FB6800E94673 /* StartViewController.swift in Sources */,
				275DD1C419E4F23400E94673 /* CreateWalkSearchViewController.swift in Sources */,
				27C6707319F474A30070F2E4 /* AddressSearchViewController.swift in Sources */,
				27118C2B19F60CF100110991 /* RatingViewController.swift in Sources */,
				27050A2B19E4D2FB0060AFBB /* ViewController.swift in Sources */,
				27050A2919E4D2FB0060AFBB /* AppDelegate.swift in Sources */,
				27BE480519FD97EB003A1D5C /* MenuViewController.swift in Sources */,
				275DD1C919E4FB6800E94673 /* AccountCreationStep1ViewController.swift in Sources */,
				2BB2DAEC1A0B3E37002F6A3B /* WalkRequestInboundViewController.swift in Sources */,
				2BE8D7531A0B32A10056FC9C /* WalkerReadyViewController.swift in Sources */,
				27C6707519F474F70070F2E4 /* AddressSearchTableViewCell.swift in Sources */,
				2BB2DAEE1A0B4735002F6A3B /* WalkerActiveWalkViewController.swift in Sources */,
				2781265F19F0AFE90057EBEF /* PhotoDetailViewController.swift in Sources */,
				275DD1C219E4F21000E94673 /* CreateWalkViewController.swift in Sources */,
			);
			runOnlyForDeploymentPostprocessing = 0;
		};
		27050A3119E4D2FB0060AFBB /* Sources */ = {
			isa = PBXSourcesBuildPhase;
			buildActionMask = 2147483647;
			files = (
				27050A3C19E4D2FB0060AFBB /* DogmaTests.swift in Sources */,
			);
			runOnlyForDeploymentPostprocessing = 0;
		};
/* End PBXSourcesBuildPhase section */

/* Begin PBXTargetDependency section */
		27050A3719E4D2FB0060AFBB /* PBXTargetDependency */ = {
			isa = PBXTargetDependency;
			target = 27050A2219E4D2FB0060AFBB /* Dogma */;
			targetProxy = 27050A3619E4D2FB0060AFBB /* PBXContainerItemProxy */;
		};
/* End PBXTargetDependency section */

/* Begin PBXVariantGroup section */
		27050A2C19E4D2FB0060AFBB /* Main.storyboard */ = {
			isa = PBXVariantGroup;
			children = (
				27050A2D19E4D2FB0060AFBB /* Base */,
			);
			name = Main.storyboard;
			sourceTree = "<group>";
		};
/* End PBXVariantGroup section */

/* Begin XCBuildConfiguration section */
		27050A3D19E4D2FB0060AFBB /* Debug */ = {
			isa = XCBuildConfiguration;
			buildSettings = {
				ALWAYS_SEARCH_USER_PATHS = NO;
				CLANG_CXX_LANGUAGE_STANDARD = "gnu++0x";
				CLANG_CXX_LIBRARY = "libc++";
				CLANG_ENABLE_MODULES = YES;
				CLANG_ENABLE_OBJC_ARC = YES;
				CLANG_WARN_BOOL_CONVERSION = YES;
				CLANG_WARN_CONSTANT_CONVERSION = YES;
				CLANG_WARN_DIRECT_OBJC_ISA_USAGE = YES_ERROR;
				CLANG_WARN_EMPTY_BODY = YES;
				CLANG_WARN_ENUM_CONVERSION = YES;
				CLANG_WARN_INT_CONVERSION = YES;
				CLANG_WARN_OBJC_ROOT_CLASS = YES_ERROR;
				CLANG_WARN_UNREACHABLE_CODE = YES;
				CLANG_WARN__DUPLICATE_METHOD_MATCH = YES;
				"CODE_SIGN_IDENTITY[sdk=iphoneos*]" = "iPhone Developer";
				COPY_PHASE_STRIP = NO;
				ENABLE_STRICT_OBJC_MSGSEND = YES;
				GCC_C_LANGUAGE_STANDARD = gnu99;
				GCC_DYNAMIC_NO_PIC = NO;
				GCC_OPTIMIZATION_LEVEL = 0;
				GCC_PREPROCESSOR_DEFINITIONS = (
					"DEBUG=1",
					"$(inherited)",
				);
				GCC_SYMBOLS_PRIVATE_EXTERN = NO;
				GCC_WARN_64_TO_32_BIT_CONVERSION = YES;
				GCC_WARN_ABOUT_RETURN_TYPE = YES_ERROR;
				GCC_WARN_UNDECLARED_SELECTOR = YES;
				GCC_WARN_UNINITIALIZED_AUTOS = YES_AGGRESSIVE;
				GCC_WARN_UNUSED_FUNCTION = YES;
				GCC_WARN_UNUSED_VARIABLE = YES;
				IPHONEOS_DEPLOYMENT_TARGET = 8.0;
				MTL_ENABLE_DEBUG_INFO = YES;
				ONLY_ACTIVE_ARCH = YES;
				SDKROOT = iphoneos;
				SWIFT_OPTIMIZATION_LEVEL = "-Onone";
			};
			name = Debug;
		};
		27050A3E19E4D2FB0060AFBB /* Release */ = {
			isa = XCBuildConfiguration;
			buildSettings = {
				ALWAYS_SEARCH_USER_PATHS = NO;
				CLANG_CXX_LANGUAGE_STANDARD = "gnu++0x";
				CLANG_CXX_LIBRARY = "libc++";
				CLANG_ENABLE_MODULES = YES;
				CLANG_ENABLE_OBJC_ARC = YES;
				CLANG_WARN_BOOL_CONVERSION = YES;
				CLANG_WARN_CONSTANT_CONVERSION = YES;
				CLANG_WARN_DIRECT_OBJC_ISA_USAGE = YES_ERROR;
				CLANG_WARN_EMPTY_BODY = YES;
				CLANG_WARN_ENUM_CONVERSION = YES;
				CLANG_WARN_INT_CONVERSION = YES;
				CLANG_WARN_OBJC_ROOT_CLASS = YES_ERROR;
				CLANG_WARN_UNREACHABLE_CODE = YES;
				CLANG_WARN__DUPLICATE_METHOD_MATCH = YES;
				"CODE_SIGN_IDENTITY[sdk=iphoneos*]" = "iPhone Developer";
				COPY_PHASE_STRIP = YES;
				ENABLE_NS_ASSERTIONS = NO;
				ENABLE_STRICT_OBJC_MSGSEND = YES;
				GCC_C_LANGUAGE_STANDARD = gnu99;
				GCC_WARN_64_TO_32_BIT_CONVERSION = YES;
				GCC_WARN_ABOUT_RETURN_TYPE = YES_ERROR;
				GCC_WARN_UNDECLARED_SELECTOR = YES;
				GCC_WARN_UNINITIALIZED_AUTOS = YES_AGGRESSIVE;
				GCC_WARN_UNUSED_FUNCTION = YES;
				GCC_WARN_UNUSED_VARIABLE = YES;
				IPHONEOS_DEPLOYMENT_TARGET = 8.0;
				MTL_ENABLE_DEBUG_INFO = NO;
				SDKROOT = iphoneos;
				VALIDATE_PRODUCT = YES;
			};
			name = Release;
		};
		27050A4019E4D2FB0060AFBB /* Debug */ = {
			isa = XCBuildConfiguration;
			buildSettings = {
				ASSETCATALOG_COMPILER_APPICON_NAME = AppIcon;
				ASSETCATALOG_COMPILER_LAUNCHIMAGE_NAME = LaunchImage;
				CLANG_ENABLE_MODULES = YES;
				CODE_SIGN_IDENTITY = "iPhone Developer";
				"CODE_SIGN_IDENTITY[sdk=iphoneos*]" = "iPhone Developer";
				FRAMEWORK_SEARCH_PATHS = (
					"$(inherited)",
					"$(PROJECT_DIR)",
					"$(PROJECT_DIR)/HockeySDK-iOS/HockeySDK.embeddedframework",
				);
				INFOPLIST_FILE = Dogma/Info.plist;
				IPHONEOS_DEPLOYMENT_TARGET = 8.0;
				LD_RUNPATH_SEARCH_PATHS = "$(inherited) @executable_path/Frameworks";
				PRODUCT_NAME = "$(TARGET_NAME)";
				PROVISIONING_PROFILE = "";
				SWIFT_OBJC_BRIDGING_HEADER = "Dogma/Dogma-Bridging-Header.h";
				SWIFT_OPTIMIZATION_LEVEL = "-Onone";
			};
			name = Debug;
		};
		27050A4119E4D2FB0060AFBB /* Release */ = {
			isa = XCBuildConfiguration;
			buildSettings = {
				ASSETCATALOG_COMPILER_APPICON_NAME = AppIcon;
				ASSETCATALOG_COMPILER_LAUNCHIMAGE_NAME = LaunchImage;
				CLANG_ENABLE_MODULES = YES;
				CODE_SIGN_IDENTITY = "iPhone Developer";
				"CODE_SIGN_IDENTITY[sdk=iphoneos*]" = "iPhone Developer";
				FRAMEWORK_SEARCH_PATHS = (
					"$(inherited)",
					"$(PROJECT_DIR)",
					"$(PROJECT_DIR)/HockeySDK-iOS/HockeySDK.embeddedframework",
				);
				INFOPLIST_FILE = Dogma/Info.plist;
				IPHONEOS_DEPLOYMENT_TARGET = 8.0;
				LD_RUNPATH_SEARCH_PATHS = "$(inherited) @executable_path/Frameworks";
				PRODUCT_NAME = "$(TARGET_NAME)";
				PROVISIONING_PROFILE = "";
				SWIFT_OBJC_BRIDGING_HEADER = "Dogma/Dogma-Bridging-Header.h";
			};
			name = Release;
		};
		27050A4319E4D2FB0060AFBB /* Debug */ = {
			isa = XCBuildConfiguration;
			buildSettings = {
				BUNDLE_LOADER = "$(TEST_HOST)";
				FRAMEWORK_SEARCH_PATHS = (
					"$(SDKROOT)/Developer/Library/Frameworks",
					"$(inherited)",
				);
				GCC_PREPROCESSOR_DEFINITIONS = (
					"DEBUG=1",
					"$(inherited)",
				);
				INFOPLIST_FILE = DogmaTests/Info.plist;
				LD_RUNPATH_SEARCH_PATHS = "$(inherited) @executable_path/Frameworks @loader_path/Frameworks";
				PRODUCT_NAME = "$(TARGET_NAME)";
				TEST_HOST = "$(BUILT_PRODUCTS_DIR)/Dogma.app/Dogma";
			};
			name = Debug;
		};
		27050A4419E4D2FB0060AFBB /* Release */ = {
			isa = XCBuildConfiguration;
			buildSettings = {
				BUNDLE_LOADER = "$(TEST_HOST)";
				FRAMEWORK_SEARCH_PATHS = (
					"$(SDKROOT)/Developer/Library/Frameworks",
					"$(inherited)",
				);
				INFOPLIST_FILE = DogmaTests/Info.plist;
				LD_RUNPATH_SEARCH_PATHS = "$(inherited) @executable_path/Frameworks @loader_path/Frameworks";
				PRODUCT_NAME = "$(TARGET_NAME)";
				TEST_HOST = "$(BUILT_PRODUCTS_DIR)/Dogma.app/Dogma";
			};
			name = Release;
		};
/* End XCBuildConfiguration section */

/* Begin XCConfigurationList section */
		27050A1E19E4D2FB0060AFBB /* Build configuration list for PBXProject "Dogma" */ = {
			isa = XCConfigurationList;
			buildConfigurations = (
				27050A3D19E4D2FB0060AFBB /* Debug */,
				27050A3E19E4D2FB0060AFBB /* Release */,
			);
			defaultConfigurationIsVisible = 0;
			defaultConfigurationName = Release;
		};
		27050A3F19E4D2FB0060AFBB /* Build configuration list for PBXNativeTarget "Dogma" */ = {
			isa = XCConfigurationList;
			buildConfigurations = (
				27050A4019E4D2FB0060AFBB /* Debug */,
				27050A4119E4D2FB0060AFBB /* Release */,
			);
			defaultConfigurationIsVisible = 0;
			defaultConfigurationName = Release;
		};
		27050A4219E4D2FB0060AFBB /* Build configuration list for PBXNativeTarget "DogmaTests" */ = {
			isa = XCConfigurationList;
			buildConfigurations = (
				27050A4319E4D2FB0060AFBB /* Debug */,
				27050A4419E4D2FB0060AFBB /* Release */,
			);
			defaultConfigurationIsVisible = 0;
			defaultConfigurationName = Release;
		};
/* End XCConfigurationList section */
	};
	rootObject = 27050A1B19E4D2FB0060AFBB /* Project object */;
}
